
Microsoft Visual Studio Solution File, Format Version 12.00
# Visual Studio Version 16
VisualStudioVersion = 16.0.31727.386
MinimumVisualStudioVersion = 10.0.40219.1
Project("{FAE04EC0-301F-11D3-BF4B-00C04F79EFBC}") = "Observer", "Observer\Observer.csproj", "{7B997E17-FB03-479D-8B0C-89B2F61AF94D}"
EndProject
Global
	GlobalSection(SolutionConfigurationPlatforms) = preSolution
		Debug|Any CPU = Debug|Any CPU
		Release|Any CPU = Release|Any CPU
	EndGlobalSection
	GlobalSection(ProjectConfigurationPlatforms) = postSolution
		{7B997E17-FB03-479D-8B0C-89B2F61AF94D}.Debug|Any CPU.ActiveCfg = Debug|Any CPU
		{7B997E17-FB03-479D-8B0C-89B2F61AF94D}.Debug|Any CPU.Build.0 = Debug|Any CPU
		{7B997E17-FB03-479D-8B0C-89B2F61AF94D}.Release|Any CPU.ActiveCfg = Release|Any CPU
		{7B997E17-FB03-479D-8B0C-89B2F61AF94D}.Release|Any CPU.Build.0 = Release|Any CPU
	EndGlobalSection
	GlobalSection(SolutionProperties) = preSolution
		HideSolutionNode = FALSE
	EndGlobalSection
	GlobalSection(ExtensibilityGlobals) = postSolution
		SolutionGuid = {7D0D07FD-C48F-46C1-B2B9-F8C128415E03}
	EndGlobalSection
EndGlobal
