
Microsoft Visual Studio Solution File, Format Version 12.00
# Visual Studio Version 16
VisualStudioVersion = 16.0.31729.503
MinimumVisualStudioVersion = 10.0.40219.1
Project("{FAE04EC0-301F-11D3-BF4B-00C04F79EFBC}") = "State", "State\State.csproj", "{664B0D6C-832A-4795-B4E5-259AB2A75997}"
EndProject
Global
	GlobalSection(SolutionConfigurationPlatforms) = preSolution
		Debug|Any CPU = Debug|Any CPU
		Release|Any CPU = Release|Any CPU
	EndGlobalSection
	GlobalSection(ProjectConfigurationPlatforms) = postSolution
		{664B0D6C-832A-4795-B4E5-259AB2A75997}.Debug|Any CPU.ActiveCfg = Debug|Any CPU
		{664B0D6C-832A-4795-B4E5-259AB2A75997}.Debug|Any CPU.Build.0 = Debug|Any CPU
		{664B0D6C-832A-4795-B4E5-259AB2A75997}.Release|Any CPU.ActiveCfg = Release|Any CPU
		{664B0D6C-832A-4795-B4E5-259AB2A75997}.Release|Any CPU.Build.0 = Release|Any CPU
	EndGlobalSection
	GlobalSection(SolutionProperties) = preSolution
		HideSolutionNode = FALSE
	EndGlobalSection
	GlobalSection(ExtensibilityGlobals) = postSolution
		SolutionGuid = {CC66231D-2490-48A0-99A1-35EC8598C620}
	EndGlobalSection
EndGlobal
