
Microsoft Visual Studio Solution File, Format Version 12.00
# Visual Studio Version 16
VisualStudioVersion = 16.0.31729.503
MinimumVisualStudioVersion = 10.0.40219.1
Project("{FAE04EC0-301F-11D3-BF4B-00C04F79EFBC}") = "Mediator", "Mediator\Mediator.csproj", "{04B8173B-4E84-4208-A7E8-4404033AB5B6}"
EndProject
Global
	GlobalSection(SolutionConfigurationPlatforms) = preSolution
		Debug|Any CPU = Debug|Any CPU
		Release|Any CPU = Release|Any CPU
	EndGlobalSection
	GlobalSection(ProjectConfigurationPlatforms) = postSolution
		{04B8173B-4E84-4208-A7E8-4404033AB5B6}.Debug|Any CPU.ActiveCfg = Debug|Any CPU
		{04B8173B-4E84-4208-A7E8-4404033AB5B6}.Debug|Any CPU.Build.0 = Debug|Any CPU
		{04B8173B-4E84-4208-A7E8-4404033AB5B6}.Release|Any CPU.ActiveCfg = Release|Any CPU
		{04B8173B-4E84-4208-A7E8-4404033AB5B6}.Release|Any CPU.Build.0 = Release|Any CPU
	EndGlobalSection
	GlobalSection(SolutionProperties) = preSolution
		HideSolutionNode = FALSE
	EndGlobalSection
	GlobalSection(ExtensibilityGlobals) = postSolution
		SolutionGuid = {AC8DFC3D-6561-49E2-A5AC-F2156C4F1EA5}
	EndGlobalSection
EndGlobal
